
Microsoft Visual Studio Solution File, Format Version 11.00
# Visual Studio 2010
Project("{8BC9CEB8-8B4A-11D0-8D11-00A0C91BC942}") = "singleViewModeling", "singleViewModeling\singleViewModeling.vcxproj", "{73C64318-8B0C-4190-9B0E-035F6FD9D8EB}"
EndProject
Global
	GlobalSection(SolutionConfigurationPlatforms) = preSolution
		Debug|Win32 = Debug|Win32
		Release|Win32 = Release|Win32
	EndGlobalSection
	GlobalSection(ProjectConfigurationPlatforms) = postSolution
		{73C64318-8B0C-4190-9B0E-035F6FD9D8EB}.Debug|Win32.ActiveCfg = Debug|Win32
		{73C64318-8B0C-4190-9B0E-035F6FD9D8EB}.Debug|Win32.Build.0 = Debug|Win32
		{73C64318-8B0C-4190-9B0E-035F6FD9D8EB}.Release|Win32.ActiveCfg = Release|Win32
		{73C64318-8B0C-4190-9B0E-035F6FD9D8EB}.Release|Win32.Build.0 = Release|Win32
	EndGlobalSection
	GlobalSection(SolutionProperties) = preSolution
		HideSolutionNode = FALSE
	EndGlobalSection
EndGlobal
